
Microsoft Visual Studio Solution File, Format Version 12.00
# Visual Studio 15
VisualStudioVersion = 15.0.27703.2035
MinimumVisualStudioVersion = 10.0.40219.1
Project("{9A19103F-16F7-4668-BE54-9A1E7A4F7556}") = "CouponService", "App\CouponService\CouponService.csproj", "{4528BC2A-8447-4C69-825F-09D4F1975179}"
EndProject
Project("{9A19103F-16F7-4668-BE54-9A1E7A4F7556}") = "CouponService.Domain", "App\CouponService.Domain\CouponService.Domain.csproj", "{EA6F4432-E2D2-4E38-BED6-F3E626C14B81}"
EndProject
Project("{2150E333-8FDC-42A3-9474-1A3956D46DE8}") = "Clients", "Clients", "{9ADC84D0-897A-4156-985D-E81654F1713C}"
EndProject
Project("{9A19103F-16F7-4668-BE54-9A1E7A4F7556}") = "CouponService.EF", "App\CouponService.EF\CouponService.EF.csproj", "{19C21707-9B4F-4500-9EE3-B1395E5EC0CE}"
EndProject
Global
	GlobalSection(SolutionConfigurationPlatforms) = preSolution
		Debug|Any CPU = Debug|Any CPU
		Release|Any CPU = Release|Any CPU
	EndGlobalSection
	GlobalSection(ProjectConfigurationPlatforms) = postSolution
		{4528BC2A-8447-4C69-825F-09D4F1975179}.Debug|Any CPU.ActiveCfg = Debug|Any CPU
		{4528BC2A-8447-4C69-825F-09D4F1975179}.Debug|Any CPU.Build.0 = Debug|Any CPU
		{4528BC2A-8447-4C69-825F-09D4F1975179}.Release|Any CPU.ActiveCfg = Release|Any CPU
		{4528BC2A-8447-4C69-825F-09D4F1975179}.Release|Any CPU.Build.0 = Release|Any CPU
		{EA6F4432-E2D2-4E38-BED6-F3E626C14B81}.Debug|Any CPU.ActiveCfg = Debug|Any CPU
		{EA6F4432-E2D2-4E38-BED6-F3E626C14B81}.Debug|Any CPU.Build.0 = Debug|Any CPU
		{EA6F4432-E2D2-4E38-BED6-F3E626C14B81}.Release|Any CPU.ActiveCfg = Release|Any CPU
		{EA6F4432-E2D2-4E38-BED6-F3E626C14B81}.Release|Any CPU.Build.0 = Release|Any CPU
		{19C21707-9B4F-4500-9EE3-B1395E5EC0CE}.Debug|Any CPU.ActiveCfg = Debug|Any CPU
		{19C21707-9B4F-4500-9EE3-B1395E5EC0CE}.Debug|Any CPU.Build.0 = Debug|Any CPU
		{19C21707-9B4F-4500-9EE3-B1395E5EC0CE}.Release|Any CPU.ActiveCfg = Release|Any CPU
		{19C21707-9B4F-4500-9EE3-B1395E5EC0CE}.Release|Any CPU.Build.0 = Release|Any CPU
	EndGlobalSection
	GlobalSection(SolutionProperties) = preSolution
		HideSolutionNode = FALSE
	EndGlobalSection
	GlobalSection(ExtensibilityGlobals) = postSolution
		SolutionGuid = {7B6D06E7-3DA7-4C35-8EFC-DB91E4A5201E}
	EndGlobalSection
EndGlobal
